
Microsoft Visual Studio Solution File, Format Version 12.00
# Visual Studio Version 17
VisualStudioVersion = 17.13.35828.75
MinimumVisualStudioVersion = 10.0.40219.1
Project("{FAE04EC0-301F-11D3-BF4B-00C04F79EFBC}") = "XamlNexus", "XamlNexus\XamlNexus.csproj", "{31CF1097-32CE-4694-992E-DD4B087F19B8}"
EndProject
Project("{FAE04EC0-301F-11D3-BF4B-00C04F79EFBC}") = "XamlNexus.Common", "XamlNexus.Common\XamlNexus.Common.csproj", "{544026D6-6776-436B-93BE-1255B1BE120D}"
EndProject
Project("{2150E333-8FDC-42A3-9474-1A3956D46DE8}") = "Templates", "Templates", "{02EA681E-C7D8-13C7-8484-4AC65E1B71E8}"
EndProject
Project("{2150E333-8FDC-42A3-9474-1A3956D46DE8}") = "Winui3", "Winui3", "{D0BB2264-1480-4332-B460-835281921F04}"
EndProject
Project("{FAE04EC0-301F-11D3-BF4B-00C04F79EFBC}") = "Winui3_XamlNexus.UI", "Templates\Winui3\Winui3_XamlNexus.UI\Winui3_XamlNexus.UI.csproj", "{5FBD3842-C68A-4DA8-8111-3FA15C64EFC2}"
EndProject
Project("{2150E333-8FDC-42A3-9474-1A3956D46DE8}") = "Generates", "Generates", "{ECB1CB5E-7F6C-498A-AFAA-793E849242F9}"
EndProject
Project("{FAE04EC0-301F-11D3-BF4B-00C04F79EFBC}") = "XamlNexus.Generator.Winui3App", "XamlNexus.Generator.Winui3App\XamlNexus.Generator.Winui3App.csproj", "{10419946-9301-4990-9521-8AAE01F8D713}"
EndProject
Project("{FAE04EC0-301F-11D3-BF4B-00C04F79EFBC}") = "XamlNexus.Generator.WpfApp", "XamlNexus.Generator.WpfApp\XamlNexus.Generator.WpfApp.csproj", "{DA486B19-B365-4D5C-9AA1-D19D0243DAA5}"
EndProject
Project("{FAE04EC0-301F-11D3-BF4B-00C04F79EFBC}") = "XamlNexus.Generator.Winui3_Wpf_App", "XamlNexus.Generator.Winui3_Wpf_App\XamlNexus.Generator.Winui3_Wpf_App.csproj", "{9ABCF0BB-7D64-447B-8FED-EB895D71EC26}"
EndProject
Project("{FAE04EC0-301F-11D3-BF4B-00C04F79EFBC}") = "Winui3_XamlNexus.UIComponent", "Templates\Winui3\Winui3_XamlNexus.UIComponent\Winui3_XamlNexus.UIComponent.csproj", "{F935EA54-52C4-4CB9-873B-842E2BD11177}"
EndProject
Project("{2150E333-8FDC-42A3-9474-1A3956D46DE8}") = "Panels", "Panels", "{A6ECDD79-D232-4058-B69B-E7207F145916}"
EndProject
Project("{2150E333-8FDC-42A3-9474-1A3956D46DE8}") = "Wpf", "Wpf", "{7A6F8535-90BD-4AE5-93CC-605CF4DDFA8D}"
EndProject
Project("{2150E333-8FDC-42A3-9474-1A3956D46DE8}") = "Winui3_Wpf", "Winui3_Wpf", "{3191EA29-3EC8-4207-8CC2-2A072860271B}"
EndProject
Project("{FAE04EC0-301F-11D3-BF4B-00C04F79EFBC}") = "Winui3_XamlNexus.Common", "Templates\Winui3\Winui3_XamlNexus.Common\Winui3_XamlNexus.Common.csproj", "{FC58EF49-F332-4182-B938-096B493CAA25}"
EndProject
Project("{FAE04EC0-301F-11D3-BF4B-00C04F79EFBC}") = "Winui3_XamlNexus.Models", "Templates\Winui3\Winui3_XamlNexus.Models\Winui3_XamlNexus.Models.csproj", "{8BD67B3A-5A25-4EEB-92CC-A6521CDBCBB8}"
EndProject
Project("{FAE04EC0-301F-11D3-BF4B-00C04F79EFBC}") = "Winui3_XamlNexus.MainPanel", "Templates\Winui3\Winui3_XamlNexus.MainPanel\Winui3_XamlNexus.MainPanel.csproj", "{023E16D4-02ED-4160-A437-705510EAEC09}"
EndProject
Project("{FAE04EC0-301F-11D3-BF4B-00C04F79EFBC}") = "Winui3_XamlNexus.AppSettingsPanel", "Templates\Winui3\Winui3_XamlNexus.AppSettingsPanel\Winui3_XamlNexus.AppSettingsPanel.csproj", "{92AA91A9-C401-418B-B639-E4E48F8419D0}"
EndProject
Project("{2150E333-8FDC-42A3-9474-1A3956D46DE8}") = "Panels", "Panels", "{997EFBC6-10C2-4FBA-B589-7E17BF976B1D}"
EndProject
Project("{FAE04EC0-301F-11D3-BF4B-00C04F79EFBC}") = "Winui3_Wpf_XamlNexus.AppSettingsPanel", "Templates\Winui3_Wpf\Winui3_Wpf_XamlNexus.AppSettingsPanel\Winui3_Wpf_XamlNexus.AppSettingsPanel.csproj", "{DD59CC8D-489D-4BA5-8592-A17B49C1052C}"
EndProject
Project("{FAE04EC0-301F-11D3-BF4B-00C04F79EFBC}") = "Winui3_Wpf_XamlNexus.MainPanel", "Templates\Winui3_Wpf\Winui3_Wpf_XamlNexus.MainPanel\Winui3_Wpf_XamlNexus.MainPanel.csproj", "{254B847C-3ABD-457B-A97B-998AB4FA2E57}"
EndProject
Project("{FAE04EC0-301F-11D3-BF4B-00C04F79EFBC}") = "Winui3_Wpf_XamlNexus", "Templates\Winui3_Wpf\Winui3_Wpf_XamlNexus\Winui3_Wpf_XamlNexus.csproj", "{0084A674-E9BC-40CA-B6D5-618CB64C799C}"
EndProject
Project("{FAE04EC0-301F-11D3-BF4B-00C04F79EFBC}") = "Winui3_Wpf_XamlNexus.Common", "Templates\Winui3_Wpf\Winui3_Wpf_XamlNexus.Common\Winui3_Wpf_XamlNexus.Common.csproj", "{B0C4F434-D945-4F6B-935D-DC4BAC754A33}"
EndProject
Project("{FAE04EC0-301F-11D3-BF4B-00C04F79EFBC}") = "Winui3_Wpf_XamlNexus.DataAssistor", "Templates\Winui3_Wpf\Winui3_Wpf_XamlNexus.DataAssistor\Winui3_Wpf_XamlNexus.DataAssistor.csproj", "{2B1C4A59-ECBA-4979-94A8-4CC674175CAC}"
EndProject
Project("{FAE04EC0-301F-11D3-BF4B-00C04F79EFBC}") = "Winui3_Wpf_XamlNexus.Grpc.Service", "Templates\Winui3_Wpf\Winui3_Wpf_XamlNexus.Grpc.Service\Winui3_Wpf_XamlNexus.Grpc.Service.csproj", "{D4695E3A-7F45-4CD8-AA32-0F4CCB1CE3AE}"
EndProject
Project("{FAE04EC0-301F-11D3-BF4B-00C04F79EFBC}") = "Winui3_Wpf_XamlNexus.Grpc.Client", "Templates\Winui3_Wpf\Winui3_Wpf_XamlNexus.Grpc.Client\Winui3_Wpf_XamlNexus.Grpc.Client.csproj", "{7FD1E5E1-0E27-4A5B-920F-D6427B380871}"
EndProject
Project("{FAE04EC0-301F-11D3-BF4B-00C04F79EFBC}") = "Winui3_Wpf_XamlNexus.Models", "Templates\Winui3_Wpf\Winui3_Wpf_XamlNexus.Models\Winui3_Wpf_XamlNexus.Models.csproj", "{F3138677-76FE-4F6A-942F-06880BA13DA3}"
EndProject
Project("{FAE04EC0-301F-11D3-BF4B-00C04F79EFBC}") = "Winui3_Wpf_XamlNexus.UI", "Templates\Winui3_Wpf\Winui3_Wpf_XamlNexus.UI\Winui3_Wpf_XamlNexus.UI.csproj", "{4C69EF4F-AC74-43D1-BCAE-95EEF57B7B0F}"
EndProject
Project("{FAE04EC0-301F-11D3-BF4B-00C04F79EFBC}") = "Winui3_Wpf_XamlNexus.UIComponent", "Templates\Winui3_Wpf\Winui3_Wpf_XamlNexus.UIComponent\Winui3_Wpf_XamlNexus.UIComponent.csproj", "{0E805260-2D16-4C8F-83AB-4F0BD90CEFA8}"
EndProject
Global
	GlobalSection(SolutionConfigurationPlatforms) = preSolution
		Debug|Any CPU = Debug|Any CPU
		Release|Any CPU = Release|Any CPU
	EndGlobalSection
	GlobalSection(ProjectConfigurationPlatforms) = postSolution
		{31CF1097-32CE-4694-992E-DD4B087F19B8}.Debug|Any CPU.ActiveCfg = Debug|Any CPU
		{31CF1097-32CE-4694-992E-DD4B087F19B8}.Debug|Any CPU.Build.0 = Debug|Any CPU
		{31CF1097-32CE-4694-992E-DD4B087F19B8}.Release|Any CPU.ActiveCfg = Release|Any CPU
		{31CF1097-32CE-4694-992E-DD4B087F19B8}.Release|Any CPU.Build.0 = Release|Any CPU
		{544026D6-6776-436B-93BE-1255B1BE120D}.Debug|Any CPU.ActiveCfg = Debug|Any CPU
		{544026D6-6776-436B-93BE-1255B1BE120D}.Debug|Any CPU.Build.0 = Debug|Any CPU
		{544026D6-6776-436B-93BE-1255B1BE120D}.Release|Any CPU.ActiveCfg = Release|Any CPU
		{544026D6-6776-436B-93BE-1255B1BE120D}.Release|Any CPU.Build.0 = Release|Any CPU
		{5FBD3842-C68A-4DA8-8111-3FA15C64EFC2}.Debug|Any CPU.ActiveCfg = Debug|x64
		{5FBD3842-C68A-4DA8-8111-3FA15C64EFC2}.Debug|Any CPU.Build.0 = Debug|x64
		{5FBD3842-C68A-4DA8-8111-3FA15C64EFC2}.Debug|Any CPU.Deploy.0 = Debug|x64
		{5FBD3842-C68A-4DA8-8111-3FA15C64EFC2}.Release|Any CPU.ActiveCfg = Release|x64
		{5FBD3842-C68A-4DA8-8111-3FA15C64EFC2}.Release|Any CPU.Build.0 = Release|x64
		{5FBD3842-C68A-4DA8-8111-3FA15C64EFC2}.Release|Any CPU.Deploy.0 = Release|x64
		{10419946-9301-4990-9521-8AAE01F8D713}.Debug|Any CPU.ActiveCfg = Debug|Any CPU
		{10419946-9301-4990-9521-8AAE01F8D713}.Debug|Any CPU.Build.0 = Debug|Any CPU
		{10419946-9301-4990-9521-8AAE01F8D713}.Release|Any CPU.ActiveCfg = Release|Any CPU
		{10419946-9301-4990-9521-8AAE01F8D713}.Release|Any CPU.Build.0 = Release|Any CPU
		{DA486B19-B365-4D5C-9AA1-D19D0243DAA5}.Debug|Any CPU.ActiveCfg = Debug|Any CPU
		{DA486B19-B365-4D5C-9AA1-D19D0243DAA5}.Debug|Any CPU.Build.0 = Debug|Any CPU
		{DA486B19-B365-4D5C-9AA1-D19D0243DAA5}.Release|Any CPU.ActiveCfg = Release|Any CPU
		{DA486B19-B365-4D5C-9AA1-D19D0243DAA5}.Release|Any CPU.Build.0 = Release|Any CPU
		{9ABCF0BB-7D64-447B-8FED-EB895D71EC26}.Debug|Any CPU.ActiveCfg = Debug|Any CPU
		{9ABCF0BB-7D64-447B-8FED-EB895D71EC26}.Debug|Any CPU.Build.0 = Debug|Any CPU
		{9ABCF0BB-7D64-447B-8FED-EB895D71EC26}.Release|Any CPU.ActiveCfg = Release|Any CPU
		{9ABCF0BB-7D64-447B-8FED-EB895D71EC26}.Release|Any CPU.Build.0 = Release|Any CPU
		{F935EA54-52C4-4CB9-873B-842E2BD11177}.Debug|Any CPU.ActiveCfg = Debug|Any CPU
		{F935EA54-52C4-4CB9-873B-842E2BD11177}.Debug|Any CPU.Build.0 = Debug|Any CPU
		{F935EA54-52C4-4CB9-873B-842E2BD11177}.Release|Any CPU.ActiveCfg = Release|Any CPU
		{F935EA54-52C4-4CB9-873B-842E2BD11177}.Release|Any CPU.Build.0 = Release|Any CPU
		{FC58EF49-F332-4182-B938-096B493CAA25}.Debug|Any CPU.ActiveCfg = Debug|Any CPU
		{FC58EF49-F332-4182-B938-096B493CAA25}.Debug|Any CPU.Build.0 = Debug|Any CPU
		{FC58EF49-F332-4182-B938-096B493CAA25}.Release|Any CPU.ActiveCfg = Release|Any CPU
		{FC58EF49-F332-4182-B938-096B493CAA25}.Release|Any CPU.Build.0 = Release|Any CPU
		{8BD67B3A-5A25-4EEB-92CC-A6521CDBCBB8}.Debug|Any CPU.ActiveCfg = Debug|Any CPU
		{8BD67B3A-5A25-4EEB-92CC-A6521CDBCBB8}.Debug|Any CPU.Build.0 = Debug|Any CPU
		{8BD67B3A-5A25-4EEB-92CC-A6521CDBCBB8}.Release|Any CPU.ActiveCfg = Release|Any CPU
		{8BD67B3A-5A25-4EEB-92CC-A6521CDBCBB8}.Release|Any CPU.Build.0 = Release|Any CPU
		{023E16D4-02ED-4160-A437-705510EAEC09}.Debug|Any CPU.ActiveCfg = Debug|Any CPU
		{023E16D4-02ED-4160-A437-705510EAEC09}.Debug|Any CPU.Build.0 = Debug|Any CPU
		{023E16D4-02ED-4160-A437-705510EAEC09}.Release|Any CPU.ActiveCfg = Release|Any CPU
		{023E16D4-02ED-4160-A437-705510EAEC09}.Release|Any CPU.Build.0 = Release|Any CPU
		{92AA91A9-C401-418B-B639-E4E48F8419D0}.Debug|Any CPU.ActiveCfg = Debug|Any CPU
		{92AA91A9-C401-418B-B639-E4E48F8419D0}.Debug|Any CPU.Build.0 = Debug|Any CPU
		{92AA91A9-C401-418B-B639-E4E48F8419D0}.Release|Any CPU.ActiveCfg = Release|Any CPU
		{92AA91A9-C401-418B-B639-E4E48F8419D0}.Release|Any CPU.Build.0 = Release|Any CPU
		{DD59CC8D-489D-4BA5-8592-A17B49C1052C}.Debug|Any CPU.ActiveCfg = Debug|Any CPU
		{DD59CC8D-489D-4BA5-8592-A17B49C1052C}.Debug|Any CPU.Build.0 = Debug|Any CPU
		{DD59CC8D-489D-4BA5-8592-A17B49C1052C}.Release|Any CPU.ActiveCfg = Release|Any CPU
		{DD59CC8D-489D-4BA5-8592-A17B49C1052C}.Release|Any CPU.Build.0 = Release|Any CPU
		{254B847C-3ABD-457B-A97B-998AB4FA2E57}.Debug|Any CPU.ActiveCfg = Debug|Any CPU
		{254B847C-3ABD-457B-A97B-998AB4FA2E57}.Debug|Any CPU.Build.0 = Debug|Any CPU
		{254B847C-3ABD-457B-A97B-998AB4FA2E57}.Release|Any CPU.ActiveCfg = Release|Any CPU
		{254B847C-3ABD-457B-A97B-998AB4FA2E57}.Release|Any CPU.Build.0 = Release|Any CPU
		{0084A674-E9BC-40CA-B6D5-618CB64C799C}.Debug|Any CPU.ActiveCfg = Debug|Any CPU
		{0084A674-E9BC-40CA-B6D5-618CB64C799C}.Debug|Any CPU.Build.0 = Debug|Any CPU
		{0084A674-E9BC-40CA-B6D5-618CB64C799C}.Release|Any CPU.ActiveCfg = Release|Any CPU
		{0084A674-E9BC-40CA-B6D5-618CB64C799C}.Release|Any CPU.Build.0 = Release|Any CPU
		{B0C4F434-D945-4F6B-935D-DC4BAC754A33}.Debug|Any CPU.ActiveCfg = Debug|Any CPU
		{B0C4F434-D945-4F6B-935D-DC4BAC754A33}.Debug|Any CPU.Build.0 = Debug|Any CPU
		{B0C4F434-D945-4F6B-935D-DC4BAC754A33}.Release|Any CPU.ActiveCfg = Release|Any CPU
		{B0C4F434-D945-4F6B-935D-DC4BAC754A33}.Release|Any CPU.Build.0 = Release|Any CPU
		{2B1C4A59-ECBA-4979-94A8-4CC674175CAC}.Debug|Any CPU.ActiveCfg = Debug|Any CPU
		{2B1C4A59-ECBA-4979-94A8-4CC674175CAC}.Debug|Any CPU.Build.0 = Debug|Any CPU
		{2B1C4A59-ECBA-4979-94A8-4CC674175CAC}.Release|Any CPU.ActiveCfg = Release|Any CPU
		{2B1C4A59-ECBA-4979-94A8-4CC674175CAC}.Release|Any CPU.Build.0 = Release|Any CPU
		{D4695E3A-7F45-4CD8-AA32-0F4CCB1CE3AE}.Debug|Any CPU.ActiveCfg = Debug|Any CPU
		{D4695E3A-7F45-4CD8-AA32-0F4CCB1CE3AE}.Debug|Any CPU.Build.0 = Debug|Any CPU
		{D4695E3A-7F45-4CD8-AA32-0F4CCB1CE3AE}.Release|Any CPU.ActiveCfg = Release|Any CPU
		{D4695E3A-7F45-4CD8-AA32-0F4CCB1CE3AE}.Release|Any CPU.Build.0 = Release|Any CPU
		{7FD1E5E1-0E27-4A5B-920F-D6427B380871}.Debug|Any CPU.ActiveCfg = Debug|Any CPU
		{7FD1E5E1-0E27-4A5B-920F-D6427B380871}.Debug|Any CPU.Build.0 = Debug|Any CPU
		{7FD1E5E1-0E27-4A5B-920F-D6427B380871}.Release|Any CPU.ActiveCfg = Release|Any CPU
		{7FD1E5E1-0E27-4A5B-920F-D6427B380871}.Release|Any CPU.Build.0 = Release|Any CPU
		{F3138677-76FE-4F6A-942F-06880BA13DA3}.Debug|Any CPU.ActiveCfg = Debug|Any CPU
		{F3138677-76FE-4F6A-942F-06880BA13DA3}.Debug|Any CPU.Build.0 = Debug|Any CPU
		{F3138677-76FE-4F6A-942F-06880BA13DA3}.Release|Any CPU.ActiveCfg = Release|Any CPU
		{F3138677-76FE-4F6A-942F-06880BA13DA3}.Release|Any CPU.Build.0 = Release|Any CPU
		{4C69EF4F-AC74-43D1-BCAE-95EEF57B7B0F}.Debug|Any CPU.ActiveCfg = Debug|x64
		{4C69EF4F-AC74-43D1-BCAE-95EEF57B7B0F}.Debug|Any CPU.Build.0 = Debug|x64
		{4C69EF4F-AC74-43D1-BCAE-95EEF57B7B0F}.Debug|Any CPU.Deploy.0 = Debug|x64
		{4C69EF4F-AC74-43D1-BCAE-95EEF57B7B0F}.Release|Any CPU.ActiveCfg = Release|x64
		{4C69EF4F-AC74-43D1-BCAE-95EEF57B7B0F}.Release|Any CPU.Build.0 = Release|x64
		{4C69EF4F-AC74-43D1-BCAE-95EEF57B7B0F}.Release|Any CPU.Deploy.0 = Release|x64
		{0E805260-2D16-4C8F-83AB-4F0BD90CEFA8}.Debug|Any CPU.ActiveCfg = Debug|Any CPU
		{0E805260-2D16-4C8F-83AB-4F0BD90CEFA8}.Debug|Any CPU.Build.0 = Debug|Any CPU
		{0E805260-2D16-4C8F-83AB-4F0BD90CEFA8}.Release|Any CPU.ActiveCfg = Release|Any CPU
		{0E805260-2D16-4C8F-83AB-4F0BD90CEFA8}.Release|Any CPU.Build.0 = Release|Any CPU
	EndGlobalSection
	GlobalSection(SolutionProperties) = preSolution
		HideSolutionNode = FALSE
	EndGlobalSection
	GlobalSection(NestedProjects) = preSolution
		{D0BB2264-1480-4332-B460-835281921F04} = {02EA681E-C7D8-13C7-8484-4AC65E1B71E8}
		{5FBD3842-C68A-4DA8-8111-3FA15C64EFC2} = {D0BB2264-1480-4332-B460-835281921F04}
		{10419946-9301-4990-9521-8AAE01F8D713} = {ECB1CB5E-7F6C-498A-AFAA-793E849242F9}
		{DA486B19-B365-4D5C-9AA1-D19D0243DAA5} = {ECB1CB5E-7F6C-498A-AFAA-793E849242F9}
		{9ABCF0BB-7D64-447B-8FED-EB895D71EC26} = {ECB1CB5E-7F6C-498A-AFAA-793E849242F9}
		{F935EA54-52C4-4CB9-873B-842E2BD11177} = {D0BB2264-1480-4332-B460-835281921F04}
		{A6ECDD79-D232-4058-B69B-E7207F145916} = {D0BB2264-1480-4332-B460-835281921F04}
		{7A6F8535-90BD-4AE5-93CC-605CF4DDFA8D} = {02EA681E-C7D8-13C7-8484-4AC65E1B71E8}
		{3191EA29-3EC8-4207-8CC2-2A072860271B} = {02EA681E-C7D8-13C7-8484-4AC65E1B71E8}
		{FC58EF49-F332-4182-B938-096B493CAA25} = {D0BB2264-1480-4332-B460-835281921F04}
		{8BD67B3A-5A25-4EEB-92CC-A6521CDBCBB8} = {D0BB2264-1480-4332-B460-835281921F04}
		{023E16D4-02ED-4160-A437-705510EAEC09} = {A6ECDD79-D232-4058-B69B-E7207F145916}
		{92AA91A9-C401-418B-B639-E4E48F8419D0} = {A6ECDD79-D232-4058-B69B-E7207F145916}
		{997EFBC6-10C2-4FBA-B589-7E17BF976B1D} = {3191EA29-3EC8-4207-8CC2-2A072860271B}
		{DD59CC8D-489D-4BA5-8592-A17B49C1052C} = {997EFBC6-10C2-4FBA-B589-7E17BF976B1D}
		{254B847C-3ABD-457B-A97B-998AB4FA2E57} = {997EFBC6-10C2-4FBA-B589-7E17BF976B1D}
		{0084A674-E9BC-40CA-B6D5-618CB64C799C} = {3191EA29-3EC8-4207-8CC2-2A072860271B}
		{B0C4F434-D945-4F6B-935D-DC4BAC754A33} = {3191EA29-3EC8-4207-8CC2-2A072860271B}
		{2B1C4A59-ECBA-4979-94A8-4CC674175CAC} = {3191EA29-3EC8-4207-8CC2-2A072860271B}
		{D4695E3A-7F45-4CD8-AA32-0F4CCB1CE3AE} = {3191EA29-3EC8-4207-8CC2-2A072860271B}
		{7FD1E5E1-0E27-4A5B-920F-D6427B380871} = {3191EA29-3EC8-4207-8CC2-2A072860271B}
		{F3138677-76FE-4F6A-942F-06880BA13DA3} = {3191EA29-3EC8-4207-8CC2-2A072860271B}
		{4C69EF4F-AC74-43D1-BCAE-95EEF57B7B0F} = {3191EA29-3EC8-4207-8CC2-2A072860271B}
		{0E805260-2D16-4C8F-83AB-4F0BD90CEFA8} = {3191EA29-3EC8-4207-8CC2-2A072860271B}
	EndGlobalSection
	GlobalSection(ExtensibilityGlobals) = postSolution
		SolutionGuid = {1B912E0A-12E2-4D28-BD8D-E2FEC49DF39B}
	EndGlobalSection
EndGlobal
