
Microsoft Visual Studio Solution File, Format Version 12.00
# Visual Studio Version 17
VisualStudioVersion = 17.13.35828.75
MinimumVisualStudioVersion = 10.0.40219.1
Project("{FAE04EC0-301F-11D3-BF4B-00C04F79EFBC}") = "XamlNexus", "XamlNexus\XamlNexus.csproj", "{31CF1097-32CE-4694-992E-DD4B087F19B8}"
EndProject
Project("{FAE04EC0-301F-11D3-BF4B-00C04F79EFBC}") = "XamlNexus.Template.Winui3App", "XamlNexus.Template.Winui3App\XamlNexus.Template.Winui3App.csproj", "{FE62F5E7-D617-4577-8F66-EDB3E2A7ABA7}"
EndProject
Project("{FAE04EC0-301F-11D3-BF4B-00C04F79EFBC}") = "XamlNexus.Common", "XamlNexus.Common\XamlNexus.Common.csproj", "{544026D6-6776-436B-93BE-1255B1BE120D}"
EndProject
Project("{FAE04EC0-301F-11D3-BF4B-00C04F79EFBC}") = "XamlNexus.Models", "XamlNexus.Models\XamlNexus.Models.csproj", "{C300BE20-3683-4F7F-B303-132BADAD5202}"
EndProject
Project("{FAE04EC0-301F-11D3-BF4B-00C04F79EFBC}") = "XamlNexus.Template.WpfApp", "XamlNexus.Template.WpfApp\XamlNexus.Template.WpfApp.csproj", "{62ED9880-CFA0-4060-9B12-59477437C216}"
EndProject
Project("{FAE04EC0-301F-11D3-BF4B-00C04F79EFBC}") = "XamlNexus.Template.Wpf_Winui3_CompositeApp", "XamlNexus.Template.Wpf_Winui3_CompositeApp\XamlNexus.Template.Wpf_Winui3_CompositeApp.csproj", "{20840B3F-84B9-4E30-9E95-503DF70D0445}"
EndProject
Global
	GlobalSection(SolutionConfigurationPlatforms) = preSolution
		Debug|Any CPU = Debug|Any CPU
		Release|Any CPU = Release|Any CPU
	EndGlobalSection
	GlobalSection(ProjectConfigurationPlatforms) = postSolution
		{31CF1097-32CE-4694-992E-DD4B087F19B8}.Debug|Any CPU.ActiveCfg = Debug|Any CPU
		{31CF1097-32CE-4694-992E-DD4B087F19B8}.Debug|Any CPU.Build.0 = Debug|Any CPU
		{31CF1097-32CE-4694-992E-DD4B087F19B8}.Release|Any CPU.ActiveCfg = Release|Any CPU
		{31CF1097-32CE-4694-992E-DD4B087F19B8}.Release|Any CPU.Build.0 = Release|Any CPU
		{FE62F5E7-D617-4577-8F66-EDB3E2A7ABA7}.Debug|Any CPU.ActiveCfg = Debug|Any CPU
		{FE62F5E7-D617-4577-8F66-EDB3E2A7ABA7}.Debug|Any CPU.Build.0 = Debug|Any CPU
		{FE62F5E7-D617-4577-8F66-EDB3E2A7ABA7}.Release|Any CPU.ActiveCfg = Release|Any CPU
		{FE62F5E7-D617-4577-8F66-EDB3E2A7ABA7}.Release|Any CPU.Build.0 = Release|Any CPU
		{544026D6-6776-436B-93BE-1255B1BE120D}.Debug|Any CPU.ActiveCfg = Debug|Any CPU
		{544026D6-6776-436B-93BE-1255B1BE120D}.Debug|Any CPU.Build.0 = Debug|Any CPU
		{544026D6-6776-436B-93BE-1255B1BE120D}.Release|Any CPU.ActiveCfg = Release|Any CPU
		{544026D6-6776-436B-93BE-1255B1BE120D}.Release|Any CPU.Build.0 = Release|Any CPU
		{C300BE20-3683-4F7F-B303-132BADAD5202}.Debug|Any CPU.ActiveCfg = Debug|Any CPU
		{C300BE20-3683-4F7F-B303-132BADAD5202}.Debug|Any CPU.Build.0 = Debug|Any CPU
		{C300BE20-3683-4F7F-B303-132BADAD5202}.Release|Any CPU.ActiveCfg = Release|Any CPU
		{C300BE20-3683-4F7F-B303-132BADAD5202}.Release|Any CPU.Build.0 = Release|Any CPU
		{62ED9880-CFA0-4060-9B12-59477437C216}.Debug|Any CPU.ActiveCfg = Debug|Any CPU
		{62ED9880-CFA0-4060-9B12-59477437C216}.Debug|Any CPU.Build.0 = Debug|Any CPU
		{62ED9880-CFA0-4060-9B12-59477437C216}.Release|Any CPU.ActiveCfg = Release|Any CPU
		{62ED9880-CFA0-4060-9B12-59477437C216}.Release|Any CPU.Build.0 = Release|Any CPU
		{20840B3F-84B9-4E30-9E95-503DF70D0445}.Debug|Any CPU.ActiveCfg = Debug|Any CPU
		{20840B3F-84B9-4E30-9E95-503DF70D0445}.Debug|Any CPU.Build.0 = Debug|Any CPU
		{20840B3F-84B9-4E30-9E95-503DF70D0445}.Release|Any CPU.ActiveCfg = Release|Any CPU
		{20840B3F-84B9-4E30-9E95-503DF70D0445}.Release|Any CPU.Build.0 = Release|Any CPU
	EndGlobalSection
	GlobalSection(SolutionProperties) = preSolution
		HideSolutionNode = FALSE
	EndGlobalSection
	GlobalSection(ExtensibilityGlobals) = postSolution
		SolutionGuid = {1B912E0A-12E2-4D28-BD8D-E2FEC49DF39B}
	EndGlobalSection
EndGlobal
